hash: ccfa479ad08397e433d854e0841acee9f32271f1e5e3abf544111c7f2266e183
updated: 2019-03-26T11:41:17.279774+08:00
imports:
- name: github.com/abiosoft/ishell
  version: 8b8aa74a85127192b469453a72fd7971b47481fb
- name: github.com/abiosoft/readline
  version: 155bce2042db95a783081fab225e74dd879055b0
- name: github.com/aliyun/aliyun-log-go-sdk
  version: 0402edd803e987675a1f88f1cb80bfa006e7e28e
- name: github.com/aliyun/fc-go-sdk
  version: db3e654c23d6c7ce8f61bd75b70f77dec9142cda
- name: github.com/alyu/configparser
  version: c505e6011694d3c8c1accccea3c9f57eef22afb1
- name: github.com/denisbrodbeck/machineid
  version: e2e48f90c87f1f77286682531a46ff99e95d8089
- name: github.com/fatih/color
  version: 3f9d52f7176a6927daacff70a3e8d1dc2025c53e
- name: github.com/flynn-archive/go-shlex
  version: 3f9db97f856818214da2e1057f8ad84803971cff
- name: github.com/fsnotify/fsnotify
  version: 1485a34d5d5723fea214f5710708e19a831720e4
- name: github.com/gogo/protobuf
  version: 382325bbbb4d1c850eec1f3ec92a1a16f502d68b
  subpackages:
  - gogoproto
  - proto
  - protoc-gen-gogo/descriptor
- name: github.com/golang/glog
  version: 23def4e6c14b4da8ac2ed8007337bc5eb5007998
- name: github.com/golang/protobuf
  version: d3c38a4eb4970272b87a425ae00ccc4548e2f9bb
  subpackages:
  - proto
- name: github.com/hashicorp/hcl
  version: 65a6292f0157eff210d03ed1bf6c59b190b8b906
  subpackages:
  - hcl/ast
  - hcl/parser
  - hcl/printer
  - hcl/scanner
  - hcl/strconv
  - hcl/token
  - json/parser
  - json/scanner
  - json/token
- name: github.com/inconshreveable/mousetrap
  version: 76626ae9c91c4f2a10f34cad8ce83ea42c93bb75
- name: github.com/kballard/go-shellquote
  version: 95032a82bc518f77982ea72343cc1ade730072f0
- name: github.com/magiconair/properties
  version: 7757cc9fdb852f7579b24170bcacda2c7471bb6a
- name: github.com/mattn/go-colorable
  version: 3a70a971f94a22f2fa562ffcc7a0eb45f5daf045
- name: github.com/mattn/go-isatty
  version: c2a7a6ca930a4cd0bc33a3f298eb71960732a3a7
- name: github.com/mgutz/ansi
  version: 9520e82c474b0a04dd04f8a40959027271bab992
- name: github.com/mitchellh/mapstructure
  version: 3536a929edddb9a5b34bd6861dc4a9647cb459fe
- name: github.com/pelletier/go-toml
  version: f9070d3b400d7bf7c9b4e4e05916f92fd0b79e0c
- name: github.com/pierrec/lz4
  version: 062282ea0dcff40c9fb8525789eef9644b1fbd6e
  subpackages:
  - internal/xxh32
- name: github.com/satori/go.uuid
  version: b2ce2384e17bbe0c6d34077efa39dbab3e09123b
- name: github.com/spf13/afero
  version: f4711e4db9e9a1d3887343acb72b2bbfc2f686f5
  subpackages:
  - mem
- name: github.com/spf13/cast
  version: 8c9545af88b134710ab1cd196795e7f2388358d7
- name: github.com/spf13/cobra
  version: ef82de70bb3f60c65fb8eebacbb2d122ef517385
- name: github.com/spf13/jwalterweatherman
  version: 94f6ae3ed3bceceafa716478c5fbf8d29ca601a1
- name: github.com/spf13/pflag
  version: 24fa6976df40757dce6aea913e7b81ade90530e1
- name: github.com/spf13/viper
  version: 6d33b5a963d922d182c91e8a1c88d81fd150cfd4
- name: golang.org/x/net
  version: e3b2ff56ed879efa686c9d09ed74f9bfe42f1a1d
  subpackages:
  - publicsuffix
- name: golang.org/x/sys
  version: f49334f85ddcf0f08d7fb6dd7363e9e6d6b777eb
  subpackages:
  - unix
  - windows
  - windows/registry
- name: golang.org/x/text
  version: fe223c5a2583471b2791ca99e716c65b4a76117e
  subpackages:
  - transform
  - unicode/norm
- name: gopkg.in/AlecAivazis/survey.v1
  version: ee72c28b95a5ff3e227cfd403f556f0ef4b07ca5
  subpackages:
  - core
  - terminal
- name: gopkg.in/h2non/gock.v1
  version: ba88c4862a27596539531ce469478a91bc5a0511
- name: gopkg.in/matryer/try.v1
  version: 312d2599e12e89ca89b52a09597394f449235d80
- name: gopkg.in/resty.v1
  version: fa5875c0caa5c260ab78acec5a244215a730247f
- name: gopkg.in/yaml.v2
  version: 51d6538a90f86fe93ac480b35f37b2be17fef232
testImports:
- name: github.com/davecgh/go-spew
  version: 04cdfd42973bb9c8589fd6a731800cf222fde1a9
  subpackages:
  - spew
- name: github.com/h2non/parth
  version: b4df798d65426f8c8ab5ca5f9987aec5575d26c9
- name: github.com/pmezard/go-difflib
  version: d8ed2627bdf02c080bf22230dbb337003b7aba2d
  subpackages:
  - difflib
- name: github.com/stretchr/testify
  version: f6abca593680b2315d2075e0f5e2a9751e3f431a
  subpackages:
  - assert
  - mock
  - require
  - suite
